// !$*UTF8*$!
{
	archiveVersion = 1;
	classes = {
	};
	objectVersion = 50;
	objects = {

/* Begin PBXBuildFile section */
		4A7335E5A5A2492AC4D8F9F5 /* Pods_VocaloidBoxTests.framework in Frameworks */ = {isa = PBXBuildFile; fileRef = EE9683E1860058199987FDDC /* Pods_VocaloidBoxTests.framework */; };
		5E47920954B384A992CBFD6F /* Pods_VocaloidBoxUITests.framework in Frameworks */ = {isa = PBXBuildFile; fileRef = F6F66F0B8ACBBF3FC1528F4F /* Pods_VocaloidBoxUITests.framework */; };
		C3A76B88452665F04758EDC5 /* Pods_VocaloidBox.framework in Frameworks */ = {isa = PBXBuildFile; fileRef = FABB7A3A3CF661C3AF85694D /* Pods_VocaloidBox.framework */; };
		CF080003225B29110005BB0A /* VocaloidBoxTests.swift in Sources */ = {isa = PBXBuildFile; fileRef = CF080002225B29110005BB0A /* VocaloidBoxTests.swift */; };
		CF08000E225B29120005BB0A /* VocaloidBoxUITests.swift in Sources */ = {isa = PBXBuildFile; fileRef = CF08000D225B29120005BB0A /* VocaloidBoxUITests.swift */; };
		CF08001C225B33090005BB0A /* Album.swift in Sources */ = {isa = PBXBuildFile; fileRef = CF08001B225B33090005BB0A /* Album.swift */; };
		CF08001E225B44210005BB0A /* Music.swift in Sources */ = {isa = PBXBuildFile; fileRef = CF08001D225B44210005BB0A /* Music.swift */; };
		CF080022225B459C0005BB0A /* AlbumTableViewCell.swift in Sources */ = {isa = PBXBuildFile; fileRef = CF080021225B459C0005BB0A /* AlbumTableViewCell.swift */; };
		CF080024225B45C80005BB0A /* AlbumTableViewController.swift in Sources */ = {isa = PBXBuildFile; fileRef = CF080023225B45C80005BB0A /* AlbumTableViewController.swift */; };
		CF080028225B91510005BB0A /* URLSession.swift in Sources */ = {isa = PBXBuildFile; fileRef = CF080027225B91510005BB0A /* URLSession.swift */; };
		CF08002A225B93660005BB0A /* AlbumsResponse.swift in Sources */ = {isa = PBXBuildFile; fileRef = CF080029225B93660005BB0A /* AlbumsResponse.swift */; };
		CF08002C225B95320005BB0A /* AlbumAPI.swift in Sources */ = {isa = PBXBuildFile; fileRef = CF08002B225B95320005BB0A /* AlbumAPI.swift */; };
		CF08002E225B969D0005BB0A /* ReleaseDate.swift in Sources */ = {isa = PBXBuildFile; fileRef = CF08002D225B969D0005BB0A /* ReleaseDate.swift */; };
		CF080030225B98240005BB0A /* AlbumServiceAPI.swift in Sources */ = {isa = PBXBuildFile; fileRef = CF08002F225B98240005BB0A /* AlbumServiceAPI.swift */; };
		CF08FFEE225B29100005BB0A /* AppDelegate.swift in Sources */ = {isa = PBXBuildFile; fileRef = CF08FFED225B29100005BB0A /* AppDelegate.swift */; };
		CF08FFF0225B29100005BB0A /* ViewController.swift in Sources */ = {isa = PBXBuildFile; fileRef = CF08FFEF225B29100005BB0A /* ViewController.swift */; };
		CF08FFF3225B29100005BB0A /* Main.storyboard in Resources */ = {isa = PBXBuildFile; fileRef = CF08FFF1225B29100005BB0A /* Main.storyboard */; };
		CF08FFF5225B29110005BB0A /* Assets.xcassets in Resources */ = {isa = PBXBuildFile; fileRef = CF08FFF4225B29110005BB0A /* Assets.xcassets */; };
		CF08FFF8225B29110005BB0A /* LaunchScreen.storyboard in Resources */ = {isa = PBXBuildFile; fileRef = CF08FFF6225B29110005BB0A /* LaunchScreen.storyboard */; };
		CF1D3904229D30ED004672AA /* AlbumSortEnum.swift in Sources */ = {isa = PBXBuildFile; fileRef = CF1D3903229D30ED004672AA /* AlbumSortEnum.swift */; };
		CF27B61D22817A4200EF9B06 /* MusicTableViewCell.swift in Sources */ = {isa = PBXBuildFile; fileRef = CF27B61C22817A4200EF9B06 /* MusicTableViewCell.swift */; };
		CF27B61F2283029E00EF9B06 /* FavoriteAlbumTableViewController.swift in Sources */ = {isa = PBXBuildFile; fileRef = CF27B61E2283029E00EF9B06 /* FavoriteAlbumTableViewController.swift */; };
		CF6C3A5D229D7C2800C7B632 /* MusicServiceAPI.swift in Sources */ = {isa = PBXBuildFile; fileRef = CF6C3A5C229D7C2800C7B632 /* MusicServiceAPI.swift */; };
/* End PBXBuildFile section */

/* Begin PBXContainerItemProxy section */
		CF08000A225B29120005BB0A /* PBXContainerItemProxy */ = {
			isa = PBXContainerItemProxy;
			containerPortal = CF08FFE2225B29100005BB0A /* Project object */;
			proxyType = 1;
			remoteGlobalIDString = CF08FFE9225B29100005BB0A;
			remoteInfo = VocaloidBox;
		};
		CF08FFFF225B29110005BB0A /* PBXContainerItemProxy */ = {
			isa = PBXContainerItemProxy;
			containerPortal = CF08FFE2225B29100005BB0A /* Project object */;
			proxyType = 1;
			remoteGlobalIDString = CF08FFE9225B29100005BB0A;
			remoteInfo = VocaloidBox;
		};
/* End PBXContainerItemProxy section */

/* Begin PBXFileReference section */
		0631106BC392FC4B69285937 /* Pods-VocaloidBox.release.xcconfig */ = {isa = PBXFileReference; includeInIndex = 1; lastKnownFileType = text.xcconfig; name = "Pods-VocaloidBox.release.xcconfig"; path = "Target Support Files/Pods-VocaloidBox/Pods-VocaloidBox.release.xcconfig"; sourceTree = "<group>"; };
		46174C0EFC812D637E2AD6C4 /* Pods-VocaloidBoxUITests.debug.xcconfig */ = {isa = PBXFileReference; includeInIndex = 1; lastKnownFileType = text.xcconfig; name = "Pods-VocaloidBoxUITests.debug.xcconfig"; path = "Target Support Files/Pods-VocaloidBoxUITests/Pods-VocaloidBoxUITests.debug.xcconfig"; sourceTree = "<group>"; };
		52DEE4CDCC4365E5B9C0D4EC /* Pods-VocaloidBoxTests.debug.xcconfig */ = {isa = PBXFileReference; includeInIndex = 1; lastKnownFileType = text.xcconfig; name = "Pods-VocaloidBoxTests.debug.xcconfig"; path = "Target Support Files/Pods-VocaloidBoxTests/Pods-VocaloidBoxTests.debug.xcconfig"; sourceTree = "<group>"; };
		6B62D6160477093F1A9A8F90 /* Pods-VocaloidBox.debug.xcconfig */ = {isa = PBXFileReference; includeInIndex = 1; lastKnownFileType = text.xcconfig; name = "Pods-VocaloidBox.debug.xcconfig"; path = "Target Support Files/Pods-VocaloidBox/Pods-VocaloidBox.debug.xcconfig"; sourceTree = "<group>"; };
		70D3F814FCD10063F0F75082 /* Pods-VocaloidBoxTests.release.xcconfig */ = {isa = PBXFileReference; includeInIndex = 1; lastKnownFileType = text.xcconfig; name = "Pods-VocaloidBoxTests.release.xcconfig"; path = "Target Support Files/Pods-VocaloidBoxTests/Pods-VocaloidBoxTests.release.xcconfig"; sourceTree = "<group>"; };
		CF080002225B29110005BB0A /* VocaloidBoxTests.swift */ = {isa = PBXFileReference; lastKnownFileType = sourcecode.swift; path = VocaloidBoxTests.swift; sourceTree = "<group>"; };
		CF080004225B29110005BB0A /* Info.plist */ = {isa = PBXFileReference; lastKnownFileType = text.plist.xml; path = Info.plist; sourceTree = "<group>"; };
		CF080009225B29120005BB0A /* VocaloidBoxUITests.xctest */ = {isa = PBXFileReference; explicitFileType = wrapper.cfbundle; includeInIndex = 0; path = VocaloidBoxUITests.xctest; sourceTree = BUILT_PRODUCTS_DIR; };
		CF08000D225B29120005BB0A /* VocaloidBoxUITests.swift */ = {isa = PBXFileReference; lastKnownFileType = sourcecode.swift; path = VocaloidBoxUITests.swift; sourceTree = "<group>"; };
		CF08000F225B29120005BB0A /* Info.plist */ = {isa = PBXFileReference; lastKnownFileType = text.plist.xml; path = Info.plist; sourceTree = "<group>"; };
		CF08001B225B33090005BB0A /* Album.swift */ = {isa = PBXFileReference; lastKnownFileType = sourcecode.swift; path = Album.swift; sourceTree = "<group>"; };
		CF08001D225B44210005BB0A /* Music.swift */ = {isa = PBXFileReference; lastKnownFileType = sourcecode.swift; path = Music.swift; sourceTree = "<group>"; };
		CF080021225B459C0005BB0A /* AlbumTableViewCell.swift */ = {isa = PBXFileReference; lastKnownFileType = sourcecode.swift; path = AlbumTableViewCell.swift; sourceTree = "<group>"; };
		CF080023225B45C80005BB0A /* AlbumTableViewController.swift */ = {isa = PBXFileReference; lastKnownFileType = sourcecode.swift; path = AlbumTableViewController.swift; sourceTree = "<group>"; };
		CF080027225B91510005BB0A /* URLSession.swift */ = {isa = PBXFileReference; lastKnownFileType = sourcecode.swift; path = URLSession.swift; sourceTree = "<group>"; };
		CF080029225B93660005BB0A /* AlbumsResponse.swift */ = {isa = PBXFileReference; lastKnownFileType = sourcecode.swift; path = AlbumsResponse.swift; sourceTree = "<group>"; };
		CF08002B225B95320005BB0A /* AlbumAPI.swift */ = {isa = PBXFileReference; lastKnownFileType = sourcecode.swift; path = AlbumAPI.swift; sourceTree = "<group>"; };
		CF08002D225B969D0005BB0A /* ReleaseDate.swift */ = {isa = PBXFileReference; lastKnownFileType = sourcecode.swift; path = ReleaseDate.swift; sourceTree = "<group>"; };
		CF08002F225B98240005BB0A /* AlbumServiceAPI.swift */ = {isa = PBXFileReference; lastKnownFileType = sourcecode.swift; path = AlbumServiceAPI.swift; sourceTree = "<group>"; };
		CF08FFEA225B29100005BB0A /* VocaloidBox.app */ = {isa = PBXFileReference; explicitFileType = wrapper.application; includeInIndex = 0; path = VocaloidBox.app; sourceTree = BUILT_PRODUCTS_DIR; };
		CF08FFED225B29100005BB0A /* AppDelegate.swift */ = {isa = PBXFileReference; lastKnownFileType = sourcecode.swift; path = AppDelegate.swift; sourceTree = "<group>"; };
		CF08FFEF225B29100005BB0A /* ViewController.swift */ = {isa = PBXFileReference; lastKnownFileType = sourcecode.swift; path = ViewController.swift; sourceTree = "<group>"; };
		CF08FFF2225B29100005BB0A /* Base */ = {isa = PBXFileReference; lastKnownFileType = file.storyboard; name = Base; path = Base.lproj/Main.storyboard; sourceTree = "<group>"; };
		CF08FFF4225B29110005BB0A /* Assets.xcassets */ = {isa = PBXFileReference; lastKnownFileType = folder.assetcatalog; path = Assets.xcassets; sourceTree = "<group>"; };
		CF08FFF7225B29110005BB0A /* Base */ = {isa = PBXFileReference; lastKnownFileType = file.storyboard; name = Base; path = Base.lproj/LaunchScreen.storyboard; sourceTree = "<group>"; };
		CF08FFF9225B29110005BB0A /* Info.plist */ = {isa = PBXFileReference; lastKnownFileType = text.plist.xml; path = Info.plist; sourceTree = "<group>"; };
		CF08FFFE225B29110005BB0A /* VocaloidBoxTests.xctest */ = {isa = PBXFileReference; explicitFileType = wrapper.cfbundle; includeInIndex = 0; path = VocaloidBoxTests.xctest; sourceTree = BUILT_PRODUCTS_DIR; };
		CF1D3903229D30ED004672AA /* AlbumSortEnum.swift */ = {isa = PBXFileReference; lastKnownFileType = sourcecode.swift; path = AlbumSortEnum.swift; sourceTree = "<group>"; };
		CF27B61C22817A4200EF9B06 /* MusicTableViewCell.swift */ = {isa = PBXFileReference; lastKnownFileType = sourcecode.swift; path = MusicTableViewCell.swift; sourceTree = "<group>"; };
		CF27B61E2283029E00EF9B06 /* FavoriteAlbumTableViewController.swift */ = {isa = PBXFileReference; lastKnownFileType = sourcecode.swift; path = FavoriteAlbumTableViewController.swift; sourceTree = "<group>"; };
		CF6C3A5C229D7C2800C7B632 /* MusicServiceAPI.swift */ = {isa = PBXFileReference; lastKnownFileType = sourcecode.swift; path = MusicServiceAPI.swift; sourceTree = "<group>"; };
		EE9683E1860058199987FDDC /* Pods_VocaloidBoxTests.framework */ = {isa = PBXFileReference; explicitFileType = wrapper.framework; includeInIndex = 0; path = Pods_VocaloidBoxTests.framework; sourceTree = BUILT_PRODUCTS_DIR; };
		F6F66F0B8ACBBF3FC1528F4F /* Pods_VocaloidBoxUITests.framework */ = {isa = PBXFileReference; explicitFileType = wrapper.framework; includeInIndex = 0; path = Pods_VocaloidBoxUITests.framework; sourceTree = BUILT_PRODUCTS_DIR; };
		FABB7A3A3CF661C3AF85694D /* Pods_VocaloidBox.framework */ = {isa = PBXFileReference; explicitFileType = wrapper.framework; includeInIndex = 0; path = Pods_VocaloidBox.framework; sourceTree = BUILT_PRODUCTS_DIR; };
		FDE3C732AAD47543F50001F1 /* Pods-VocaloidBoxUITests.release.xcconfig */ = {isa = PBXFileReference; includeInIndex = 1; lastKnownFileType = text.xcconfig; name = "Pods-VocaloidBoxUITests.release.xcconfig"; path = "Target Support Files/Pods-VocaloidBoxUITests/Pods-VocaloidBoxUITests.release.xcconfig"; sourceTree = "<group>"; };
/* End PBXFileReference section */

/* Begin PBXFrameworksBuildPhase section */
		CF080006225B29120005BB0A /* Frameworks */ = {
			isa = PBXFrameworksBuildPhase;
			buildActionMask = 2147483647;
			files = (
				5E47920954B384A992CBFD6F /* Pods_VocaloidBoxUITests.framework in Frameworks */,
			);
			runOnlyForDeploymentPostprocessing = 0;
		};
		CF08FFE7225B29100005BB0A /* Frameworks */ = {
			isa = PBXFrameworksBuildPhase;
			buildActionMask = 2147483647;
			files = (
				C3A76B88452665F04758EDC5 /* Pods_VocaloidBox.framework in Frameworks */,
			);
			runOnlyForDeploymentPostprocessing = 0;
		};
		CF08FFFB225B29110005BB0A /* Frameworks */ = {
			isa = PBXFrameworksBuildPhase;
			buildActionMask = 2147483647;
			files = (
				4A7335E5A5A2492AC4D8F9F5 /* Pods_VocaloidBoxTests.framework in Frameworks */,
			);
			runOnlyForDeploymentPostprocessing = 0;
		};
/* End PBXFrameworksBuildPhase section */

/* Begin PBXGroup section */
		8ACBC31DB60453C16E033AF1 /* Frameworks */ = {
			isa = PBXGroup;
			children = (
				FABB7A3A3CF661C3AF85694D /* Pods_VocaloidBox.framework */,
				EE9683E1860058199987FDDC /* Pods_VocaloidBoxTests.framework */,
				F6F66F0B8ACBBF3FC1528F4F /* Pods_VocaloidBoxUITests.framework */,
			);
			name = Frameworks;
			sourceTree = "<group>";
		};
		9B524DF9A1043C68B5BD25C8 /* Pods */ = {
			isa = PBXGroup;
			children = (
				6B62D6160477093F1A9A8F90 /* Pods-VocaloidBox.debug.xcconfig */,
				0631106BC392FC4B69285937 /* Pods-VocaloidBox.release.xcconfig */,
				52DEE4CDCC4365E5B9C0D4EC /* Pods-VocaloidBoxTests.debug.xcconfig */,
				70D3F814FCD10063F0F75082 /* Pods-VocaloidBoxTests.release.xcconfig */,
				46174C0EFC812D637E2AD6C4 /* Pods-VocaloidBoxUITests.debug.xcconfig */,
				FDE3C732AAD47543F50001F1 /* Pods-VocaloidBoxUITests.release.xcconfig */,
			);
			path = Pods;
			sourceTree = "<group>";
		};
		CF080001225B29110005BB0A /* VocaloidBoxTests */ = {
			isa = PBXGroup;
			children = (
				CF080002225B29110005BB0A /* VocaloidBoxTests.swift */,
				CF080004225B29110005BB0A /* Info.plist */,
			);
			path = VocaloidBoxTests;
			sourceTree = "<group>";
		};
		CF08000C225B29120005BB0A /* VocaloidBoxUITests */ = {
			isa = PBXGroup;
			children = (
				CF08000D225B29120005BB0A /* VocaloidBoxUITests.swift */,
				CF08000F225B29120005BB0A /* Info.plist */,
			);
			path = VocaloidBoxUITests;
			sourceTree = "<group>";
		};
		CF08FFE1225B29100005BB0A = {
			isa = PBXGroup;
			children = (
				CF1D3903229D30ED004672AA /* AlbumSortEnum.swift */,
				CF08FFEC225B29100005BB0A /* VocaloidBox */,
				CF080001225B29110005BB0A /* VocaloidBoxTests */,
				CF08000C225B29120005BB0A /* VocaloidBoxUITests */,
				CF08FFEB225B29100005BB0A /* Products */,
				9B524DF9A1043C68B5BD25C8 /* Pods */,
				8ACBC31DB60453C16E033AF1 /* Frameworks */,
			);
			sourceTree = "<group>";
		};
		CF08FFEB225B29100005BB0A /* Products */ = {
			isa = PBXGroup;
			children = (
				CF08FFEA225B29100005BB0A /* VocaloidBox.app */,
				CF08FFFE225B29110005BB0A /* VocaloidBoxTests.xctest */,
				CF080009225B29120005BB0A /* VocaloidBoxUITests.xctest */,
			);
			name = Products;
			sourceTree = "<group>";
		};
		CF08FFEC225B29100005BB0A /* VocaloidBox */ = {
			isa = PBXGroup;
			children = (
				CF080023225B45C80005BB0A /* AlbumTableViewController.swift */,
				CF08FFED225B29100005BB0A /* AppDelegate.swift */,
				CF08FFEF225B29100005BB0A /* ViewController.swift */,
				CF08FFF1225B29100005BB0A /* Main.storyboard */,
				CF27B61E2283029E00EF9B06 /* FavoriteAlbumTableViewController.swift */,
				CF080027225B91510005BB0A /* URLSession.swift */,
				CF080029225B93660005BB0A /* AlbumsResponse.swift */,
				CF080021225B459C0005BB0A /* AlbumTableViewCell.swift */,
				CF08001B225B33090005BB0A /* Album.swift */,
				CF08002B225B95320005BB0A /* AlbumAPI.swift */,
				CF08002F225B98240005BB0A /* AlbumServiceAPI.swift */,
				CF6C3A5C229D7C2800C7B632 /* MusicServiceAPI.swift */,
				CF08002D225B969D0005BB0A /* ReleaseDate.swift */,
				CF08001D225B44210005BB0A /* Music.swift */,
				CF08FFF4225B29110005BB0A /* Assets.xcassets */,
				CF08FFF6225B29110005BB0A /* LaunchScreen.storyboard */,
				CF08FFF9225B29110005BB0A /* Info.plist */,
				CF27B61C22817A4200EF9B06 /* MusicTableViewCell.swift */,
			);
			path = VocaloidBox;
			sourceTree = "<group>";
		};
/* End PBXGroup section */

/* Begin PBXNativeTarget section */
		CF080008225B29120005BB0A /* VocaloidBoxUITests */ = {
			isa = PBXNativeTarget;
			buildConfigurationList = CF080018225B29120005BB0A /* Build configuration list for PBXNativeTarget "VocaloidBoxUITests" */;
			buildPhases = (
				76E79371120B1DA740B7AB36 /* [CP] Check Pods Manifest.lock */,
				CF080005225B29120005BB0A /* Sources */,
				CF080006225B29120005BB0A /* Frameworks */,
				CF080007225B29120005BB0A /* Resources */,
			);
			buildRules = (
			);
			dependencies = (
				CF08000B225B29120005BB0A /* PBXTargetDependency */,
			);
			name = VocaloidBoxUITests;
			productName = VocaloidBoxUITests;
			productReference = CF080009225B29120005BB0A /* VocaloidBoxUITests.xctest */;
			productType = "com.apple.product-type.bundle.ui-testing";
		};
		CF08FFE9225B29100005BB0A /* VocaloidBox */ = {
			isa = PBXNativeTarget;
			buildConfigurationList = CF080012225B29120005BB0A /* Build configuration list for PBXNativeTarget "VocaloidBox" */;
			buildPhases = (
				B18A8C28A0422346C2771EC1 /* [CP] Check Pods Manifest.lock */,
				CF08FFE6225B29100005BB0A /* Sources */,
				CF08FFE7225B29100005BB0A /* Frameworks */,
				CF08FFE8225B29100005BB0A /* Resources */,
				B0B37524A3D7E56313B05026 /* [CP] Embed Pods Frameworks */,
			);
			buildRules = (
			);
			dependencies = (
			);
			name = VocaloidBox;
			productName = VocaloidBox;
			productReference = CF08FFEA225B29100005BB0A /* VocaloidBox.app */;
			productType = "com.apple.product-type.application";
		};
		CF08FFFD225B29110005BB0A /* VocaloidBoxTests */ = {
			isa = PBXNativeTarget;
			buildConfigurationList = CF080015225B29120005BB0A /* Build configuration list for PBXNativeTarget "VocaloidBoxTests" */;
			buildPhases = (
				4BCD7A05B51F7B556BAFCFD2 /* [CP] Check Pods Manifest.lock */,
				CF08FFFA225B29110005BB0A /* Sources */,
				CF08FFFB225B29110005BB0A /* Frameworks */,
				CF08FFFC225B29110005BB0A /* Resources */,
			);
			buildRules = (
			);
			dependencies = (
				CF080000225B29110005BB0A /* PBXTargetDependency */,
			);
			name = VocaloidBoxTests;
			productName = VocaloidBoxTests;
			productReference = CF08FFFE225B29110005BB0A /* VocaloidBoxTests.xctest */;
			productType = "com.apple.product-type.bundle.unit-test";
		};
/* End PBXNativeTarget section */

/* Begin PBXProject section */
		CF08FFE2225B29100005BB0A /* Project object */ = {
			isa = PBXProject;
			attributes = {
				LastSwiftUpdateCheck = 1020;
				LastUpgradeCheck = 1020;
				ORGANIZATIONNAME = "Corentin Dupont";
				TargetAttributes = {
					CF080008225B29120005BB0A = {
						CreatedOnToolsVersion = 10.2;
						TestTargetID = CF08FFE9225B29100005BB0A;
					};
					CF08FFE9225B29100005BB0A = {
						CreatedOnToolsVersion = 10.2;
					};
					CF08FFFD225B29110005BB0A = {
						CreatedOnToolsVersion = 10.2;
						TestTargetID = CF08FFE9225B29100005BB0A;
					};
				};
			};
			buildConfigurationList = CF08FFE5225B29100005BB0A /* Build configuration list for PBXProject "VocaloidBox" */;
			compatibilityVersion = "Xcode 9.3";
			developmentRegion = en;
			hasScannedForEncodings = 0;
			knownRegions = (
				en,
				Base,
			);
			mainGroup = CF08FFE1225B29100005BB0A;
			productRefGroup = CF08FFEB225B29100005BB0A /* Products */;
			projectDirPath = "";
			projectRoot = "";
			targets = (
				CF08FFE9225B29100005BB0A /* VocaloidBox */,
				CF08FFFD225B29110005BB0A /* VocaloidBoxTests */,
				CF080008225B29120005BB0A /* VocaloidBoxUITests */,
			);
		};
/* End PBXProject section */

/* Begin PBXResourcesBuildPhase section */
		CF080007225B29120005BB0A /* Resources */ = {
			isa = PBXResourcesBuildPhase;
			buildActionMask = 2147483647;
			files = (
			);
			runOnlyForDeploymentPostprocessing = 0;
		};
		CF08FFE8225B29100005BB0A /* Resources */ = {
			isa = PBXResourcesBuildPhase;
			buildActionMask = 2147483647;
			files = (
				CF08FFF8225B29110005BB0A /* LaunchScreen.storyboard in Resources */,
				CF08FFF5225B29110005BB0A /* Assets.xcassets in Resources */,
				CF08FFF3225B29100005BB0A /* Main.storyboard in Resources */,
			);
			runOnlyForDeploymentPostprocessing = 0;
		};
		CF08FFFC225B29110005BB0A /* Resources */ = {
			isa = PBXResourcesBuildPhase;
			buildActionMask = 2147483647;
			files = (
			);
			runOnlyForDeploymentPostprocessing = 0;
		};
/* End PBXResourcesBuildPhase section */

/* Begin PBXShellScriptBuildPhase section */
		4BCD7A05B51F7B556BAFCFD2 /* [CP] Check Pods Manifest.lock */ = {
			isa = PBXShellScriptBuildPhase;
			buildActionMask = 2147483647;
			files = (
			);
			inputFileListPaths = (
			);
			inputPaths = (
				"${PODS_PODFILE_DIR_PATH}/Podfile.lock",
				"${PODS_ROOT}/Manifest.lock",
			);
			name = "[CP] Check Pods Manifest.lock";
			outputFileListPaths = (
			);
			outputPaths = (
				"$(DERIVED_FILE_DIR)/Pods-VocaloidBoxTests-checkManifestLockResult.txt",
			);
			runOnlyForDeploymentPostprocessing = 0;
			shellPath = /bin/sh;
			shellScript = "diff \"${PODS_PODFILE_DIR_PATH}/Podfile.lock\" \"${PODS_ROOT}/Manifest.lock\" > /dev/null\nif [ $? != 0 ] ; then\n    # print error to STDERR\n    echo \"error: The sandbox is not in sync with the Podfile.lock. Run 'pod install' or update your CocoaPods installation.\" >&2\n    exit 1\nfi\n# This output is used by Xcode 'outputs' to avoid re-running this script phase.\necho \"SUCCESS\" > \"${SCRIPT_OUTPUT_FILE_0}\"\n";
			showEnvVarsInLog = 0;
		};
		76E79371120B1DA740B7AB36 /* [CP] Check Pods Manifest.lock */ = {
			isa = PBXShellScriptBuildPhase;
			buildActionMask = 2147483647;
			files = (
			);
			inputFileListPaths = (
			);
			inputPaths = (
				"${PODS_PODFILE_DIR_PATH}/Podfile.lock",
				"${PODS_ROOT}/Manifest.lock",
			);
			name = "[CP] Check Pods Manifest.lock";
			outputFileListPaths = (
			);
			outputPaths = (
				"$(DERIVED_FILE_DIR)/Pods-VocaloidBoxUITests-checkManifestLockResult.txt",
			);
			runOnlyForDeploymentPostprocessing = 0;
			shellPath = /bin/sh;
			shellScript = "diff \"${PODS_PODFILE_DIR_PATH}/Podfile.lock\" \"${PODS_ROOT}/Manifest.lock\" > /dev/null\nif [ $? != 0 ] ; then\n    # print error to STDERR\n    echo \"error: The sandbox is not in sync with the Podfile.lock. Run 'pod install' or update your CocoaPods installation.\" >&2\n    exit 1\nfi\n# This output is used by Xcode 'outputs' to avoid re-running this script phase.\necho \"SUCCESS\" > \"${SCRIPT_OUTPUT_FILE_0}\"\n";
			showEnvVarsInLog = 0;
		};
		B0B37524A3D7E56313B05026 /* [CP] Embed Pods Frameworks */ = {
			isa = PBXShellScriptBuildPhase;
			buildActionMask = 2147483647;
			files = (
			);
			inputFileListPaths = (
			);
			inputPaths = (
				"${PODS_ROOT}/Target Support Files/Pods-VocaloidBox/Pods-VocaloidBox-frameworks.sh",
				"${BUILT_PRODUCTS_DIR}/YoutubePlayer-in-WKWebView/YoutubePlayer_in_WKWebView.framework",
			);
			name = "[CP] Embed Pods Frameworks";
			outputFileListPaths = (
			);
			outputPaths = (
				"${TARGET_BUILD_DIR}/${FRAMEWORKS_FOLDER_PATH}/YoutubePlayer_in_WKWebView.framework",
			);
			runOnlyForDeploymentPostprocessing = 0;
			shellPath = /bin/sh;
			shellScript = "\"${PODS_ROOT}/Target Support Files/Pods-VocaloidBox/Pods-VocaloidBox-frameworks.sh\"\n";
			showEnvVarsInLog = 0;
		};
		B18A8C28A0422346C2771EC1 /* [CP] Check Pods Manifest.lock */ = {
			isa = PBXShellScriptBuildPhase;
			buildActionMask = 2147483647;
			files = (
			);
			inputFileListPaths = (
			);
			inputPaths = (
				"${PODS_PODFILE_DIR_PATH}/Podfile.lock",
				"${PODS_ROOT}/Manifest.lock",
			);
			name = "[CP] Check Pods Manifest.lock";
			outputFileListPaths = (
			);
			outputPaths = (
				"$(DERIVED_FILE_DIR)/Pods-VocaloidBox-checkManifestLockResult.txt",
			);
			runOnlyForDeploymentPostprocessing = 0;
			shellPath = /bin/sh;
			shellScript = "diff \"${PODS_PODFILE_DIR_PATH}/Podfile.lock\" \"${PODS_ROOT}/Manifest.lock\" > /dev/null\nif [ $? != 0 ] ; then\n    # print error to STDERR\n    echo \"error: The sandbox is not in sync with the Podfile.lock. Run 'pod install' or update your CocoaPods installation.\" >&2\n    exit 1\nfi\n# This output is used by Xcode 'outputs' to avoid re-running this script phase.\necho \"SUCCESS\" > \"${SCRIPT_OUTPUT_FILE_0}\"\n";
			showEnvVarsInLog = 0;
		};
/* End PBXShellScriptBuildPhase section */

/* Begin PBXSourcesBuildPhase section */
		CF080005225B29120005BB0A /* Sources */ = {
			isa = PBXSourcesBuildPhase;
			buildActionMask = 2147483647;
			files = (
				CF08000E225B29120005BB0A /* VocaloidBoxUITests.swift in Sources */,
			);
			runOnlyForDeploymentPostprocessing = 0;
		};
		CF08FFE6225B29100005BB0A /* Sources */ = {
			isa = PBXSourcesBuildPhase;
			buildActionMask = 2147483647;
			files = (
				CF1D3904229D30ED004672AA /* AlbumSortEnum.swift in Sources */,
				CF080030225B98240005BB0A /* AlbumServiceAPI.swift in Sources */,
				CF08FFF0225B29100005BB0A /* ViewController.swift in Sources */,
				CF08002E225B969D0005BB0A /* ReleaseDate.swift in Sources */,
				CF08002C225B95320005BB0A /* AlbumAPI.swift in Sources */,
				CF080028225B91510005BB0A /* URLSession.swift in Sources */,
				CF08002A225B93660005BB0A /* AlbumsResponse.swift in Sources */,
				CF080024225B45C80005BB0A /* AlbumTableViewController.swift in Sources */,
				CF08FFEE225B29100005BB0A /* AppDelegate.swift in Sources */,
				CF08001C225B33090005BB0A /* Album.swift in Sources */,
				CF08001E225B44210005BB0A /* Music.swift in Sources */,
				CF080022225B459C0005BB0A /* AlbumTableViewCell.swift in Sources */,
				CF6C3A5D229D7C2800C7B632 /* MusicServiceAPI.swift in Sources */,
				CF27B61F2283029E00EF9B06 /* FavoriteAlbumTableViewController.swift in Sources */,
				CF27B61D22817A4200EF9B06 /* MusicTableViewCell.swift in Sources */,
			);
			runOnlyForDeploymentPostprocessing = 0;
		};
		CF08FFFA225B29110005BB0A /* Sources */ = {
			isa = PBXSourcesBuildPhase;
			buildActionMask = 2147483647;
			files = (
				CF080003225B29110005BB0A /* VocaloidBoxTests.swift in Sources */,
			);
			runOnlyForDeploymentPostprocessing = 0;
		};
/* End PBXSourcesBuildPhase section */

/* Begin PBXTargetDependency section */
		CF080000225B29110005BB0A /* PBXTargetDependency */ = {
			isa = PBXTargetDependency;
			target = CF08FFE9225B29100005BB0A /* VocaloidBox */;
			targetProxy = CF08FFFF225B29110005BB0A /* PBXContainerItemProxy */;
		};
		CF08000B225B29120005BB0A /* PBXTargetDependency */ = {
			isa = PBXTargetDependency;
			target = CF08FFE9225B29100005BB0A /* VocaloidBox */;
			targetProxy = CF08000A225B29120005BB0A /* PBXContainerItemProxy */;
		};
/* End PBXTargetDependency section */

/* Begin PBXVariantGroup section */
		CF08FFF1225B29100005BB0A /* Main.storyboard */ = {
			isa = PBXVariantGroup;
			children = (
				CF08FFF2225B29100005BB0A /* Base */,
			);
			name = Main.storyboard;
			sourceTree = "<group>";
		};
		CF08FFF6225B29110005BB0A /* LaunchScreen.storyboard */ = {
			isa = PBXVariantGroup;
			children = (
				CF08FFF7225B29110005BB0A /* Base */,
			);
			name = LaunchScreen.storyboard;
			sourceTree = "<group>";
		};
/* End PBXVariantGroup section */

/* Begin XCBuildConfiguration section */
		CF080010225B29120005BB0A /* Debug */ = {
			isa = XCBuildConfiguration;
			buildSettings = {
				ALWAYS_SEARCH_USER_PATHS = NO;
				CLANG_ANALYZER_NONNULL = YES;
				CLANG_ANALYZER_NUMBER_OBJECT_CONVERSION = YES_AGGRESSIVE;
				CLANG_CXX_LANGUAGE_STANDARD = "gnu++14";
				CLANG_CXX_LIBRARY = "libc++";
				CLANG_ENABLE_MODULES = YES;
				CLANG_ENABLE_OBJC_ARC = YES;
				CLANG_ENABLE_OBJC_WEAK = YES;
				CLANG_WARN_BLOCK_CAPTURE_AUTORELEASING = YES;
				CLANG_WARN_BOOL_CONVERSION = YES;
				CLANG_WARN_COMMA = YES;
				CLANG_WARN_CONSTANT_CONVERSION = YES;
				CLANG_WARN_DEPRECATED_OBJC_IMPLEMENTATIONS = YES;
				CLANG_WARN_DIRECT_OBJC_ISA_USAGE = YES_ERROR;
				CLANG_WARN_DOCUMENTATION_COMMENTS = YES;
				CLANG_WARN_EMPTY_BODY = YES;
				CLANG_WARN_ENUM_CONVERSION = YES;
				CLANG_WARN_INFINITE_RECURSION = YES;
				CLANG_WARN_INT_CONVERSION = YES;
				CLANG_WARN_NON_LITERAL_NULL_CONVERSION = YES;
				CLANG_WARN_OBJC_IMPLICIT_RETAIN_SELF = YES;
				CLANG_WARN_OBJC_LITERAL_CONVERSION = YES;
				CLANG_WARN_OBJC_ROOT_CLASS = YES_ERROR;
				CLANG_WARN_RANGE_LOOP_ANALYSIS = YES;
				CLANG_WARN_STRICT_PROTOTYPES = YES;
				CLANG_WARN_SUSPICIOUS_MOVE = YES;
				CLANG_WARN_UNGUARDED_AVAILABILITY = YES_AGGRESSIVE;
				CLANG_WARN_UNREACHABLE_CODE = YES;
				CLANG_WARN__DUPLICATE_METHOD_MATCH = YES;
				CODE_SIGN_IDENTITY = "iPhone Developer";
				COPY_PHASE_STRIP = NO;
				DEBUG_INFORMATION_FORMAT = dwarf;
				ENABLE_STRICT_OBJC_MSGSEND = YES;
				ENABLE_TESTABILITY = YES;
				GCC_C_LANGUAGE_STANDARD = gnu11;
				GCC_DYNAMIC_NO_PIC = NO;
				GCC_NO_COMMON_BLOCKS = YES;
				GCC_OPTIMIZATION_LEVEL = 0;
				GCC_PREPROCESSOR_DEFINITIONS = (
					"DEBUG=1",
					"$(inherited)",
				);
				GCC_WARN_64_TO_32_BIT_CONVERSION = YES;
				GCC_WARN_ABOUT_RETURN_TYPE = YES_ERROR;
				GCC_WARN_UNDECLARED_SELECTOR = YES;
				GCC_WARN_UNINITIALIZED_AUTOS = YES_AGGRESSIVE;
				GCC_WARN_UNUSED_FUNCTION = YES;
				GCC_WARN_UNUSED_VARIABLE = YES;
				IPHONEOS_DEPLOYMENT_TARGET = 12.2;
				MTL_ENABLE_DEBUG_INFO = INCLUDE_SOURCE;
				MTL_FAST_MATH = YES;
				ONLY_ACTIVE_ARCH = YES;
				SDKROOT = iphoneos;
				SWIFT_ACTIVE_COMPILATION_CONDITIONS = DEBUG;
				SWIFT_OPTIMIZATION_LEVEL = "-Onone";
			};
			name = Debug;
		};
		CF080011225B29120005BB0A /* Release */ = {
			isa = XCBuildConfiguration;
			buildSettings = {
				ALWAYS_SEARCH_USER_PATHS = NO;
				CLANG_ANALYZER_NONNULL = YES;
				CLANG_ANALYZER_NUMBER_OBJECT_CONVERSION = YES_AGGRESSIVE;
				CLANG_CXX_LANGUAGE_STANDARD = "gnu++14";
				CLANG_CXX_LIBRARY = "libc++";
				CLANG_ENABLE_MODULES = YES;
				CLANG_ENABLE_OBJC_ARC = YES;
				CLANG_ENABLE_OBJC_WEAK = YES;
				CLANG_WARN_BLOCK_CAPTURE_AUTORELEASING = YES;
				CLANG_WARN_BOOL_CONVERSION = YES;
				CLANG_WARN_COMMA = YES;
				CLANG_WARN_CONSTANT_CONVERSION = YES;
				CLANG_WARN_DEPRECATED_OBJC_IMPLEMENTATIONS = YES;
				CLANG_WARN_DIRECT_OBJC_ISA_USAGE = YES_ERROR;
				CLANG_WARN_DOCUMENTATION_COMMENTS = YES;
				CLANG_WARN_EMPTY_BODY = YES;
				CLANG_WARN_ENUM_CONVERSION = YES;
				CLANG_WARN_INFINITE_RECURSION = YES;
				CLANG_WARN_INT_CONVERSION = YES;
				CLANG_WARN_NON_LITERAL_NULL_CONVERSION = YES;
				CLANG_WARN_OBJC_IMPLICIT_RETAIN_SELF = YES;
				CLANG_WARN_OBJC_LITERAL_CONVERSION = YES;
				CLANG_WARN_OBJC_ROOT_CLASS = YES_ERROR;
				CLANG_WARN_RANGE_LOOP_ANALYSIS = YES;
				CLANG_WARN_STRICT_PROTOTYPES = YES;
				CLANG_WARN_SUSPICIOUS_MOVE = YES;
				CLANG_WARN_UNGUARDED_AVAILABILITY = YES_AGGRESSIVE;
				CLANG_WARN_UNREACHABLE_CODE = YES;
				CLANG_WARN__DUPLICATE_METHOD_MATCH = YES;
				CODE_SIGN_IDENTITY = "iPhone Developer";
				COPY_PHASE_STRIP = NO;
				DEBUG_INFORMATION_FORMAT = "dwarf-with-dsym";
				ENABLE_NS_ASSERTIONS = NO;
				ENABLE_STRICT_OBJC_MSGSEND = YES;
				GCC_C_LANGUAGE_STANDARD = gnu11;
				GCC_NO_COMMON_BLOCKS = YES;
				GCC_WARN_64_TO_32_BIT_CONVERSION = YES;
				GCC_WARN_ABOUT_RETURN_TYPE = YES_ERROR;
				GCC_WARN_UNDECLARED_SELECTOR = YES;
				GCC_WARN_UNINITIALIZED_AUTOS = YES_AGGRESSIVE;
				GCC_WARN_UNUSED_FUNCTION = YES;
				GCC_WARN_UNUSED_VARIABLE = YES;
				IPHONEOS_DEPLOYMENT_TARGET = 12.2;
				MTL_ENABLE_DEBUG_INFO = NO;
				MTL_FAST_MATH = YES;
				SDKROOT = iphoneos;
				SWIFT_COMPILATION_MODE = wholemodule;
				SWIFT_OPTIMIZATION_LEVEL = "-O";
				VALIDATE_PRODUCT = YES;
			};
			name = Release;
		};
		CF080013225B29120005BB0A /* Debug */ = {
			isa = XCBuildConfiguration;
			baseConfigurationReference = 6B62D6160477093F1A9A8F90 /* Pods-VocaloidBox.debug.xcconfig */;
			buildSettings = {
				ASSETCATALOG_COMPILER_APPICON_NAME = AppIcon;
				CODE_SIGN_STYLE = Automatic;
				DEVELOPMENT_TEAM = 9Y8FCCM9FL;
				INFOPLIST_FILE = VocaloidBox/Info.plist;
				LD_RUNPATH_SEARCH_PATHS = (
					"$(inherited)",
					"@executable_path/Frameworks",
				);
				PRODUCT_BUNDLE_IDENTIFIER = com.CorentinDupont.VocaloidBox;
				PRODUCT_NAME = "$(TARGET_NAME)";
				SWIFT_VERSION = 5.0;
				TARGETED_DEVICE_FAMILY = "1,2";
			};
			name = Debug;
		};
		CF080014225B29120005BB0A /* Release */ = {
			isa = XCBuildConfiguration;
			baseConfigurationReference = 0631106BC392FC4B69285937 /* Pods-VocaloidBox.release.xcconfig */;
			buildSettings = {
				ASSETCATALOG_COMPILER_APPICON_NAME = AppIcon;
				CODE_SIGN_STYLE = Automatic;
				DEVELOPMENT_TEAM = 9Y8FCCM9FL;
				INFOPLIST_FILE = VocaloidBox/Info.plist;
				LD_RUNPATH_SEARCH_PATHS = (
					"$(inherited)",
					"@executable_path/Frameworks",
				);
				PRODUCT_BUNDLE_IDENTIFIER = com.CorentinDupont.VocaloidBox;
				PRODUCT_NAME = "$(TARGET_NAME)";
				SWIFT_VERSION = 5.0;
				TARGETED_DEVICE_FAMILY = "1,2";
			};
			name = Release;
		};
		CF080016225B29120005BB0A /* Debug */ = {
			isa = XCBuildConfiguration;
			baseConfigurationReference = 52DEE4CDCC4365E5B9C0D4EC /* Pods-VocaloidBoxTests.debug.xcconfig */;
			buildSettings = {
				ALWAYS_EMBED_SWIFT_STANDARD_LIBRARIES = YES;
				BUNDLE_LOADER = "$(TEST_HOST)";
				CODE_SIGN_STYLE = Automatic;
				DEVELOPMENT_TEAM = 9Y8FCCM9FL;
				INFOPLIST_FILE = VocaloidBoxTests/Info.plist;
				LD_RUNPATH_SEARCH_PATHS = (
					"$(inherited)",
					"@executable_path/Frameworks",
					"@loader_path/Frameworks",
				);
				PRODUCT_BUNDLE_IDENTIFIER = com.CorentinDupont.VocaloidBoxTests;
				PRODUCT_NAME = "$(TARGET_NAME)";
				SWIFT_VERSION = 5.0;
				TARGETED_DEVICE_FAMILY = "1,2";
				TEST_HOST = "$(BUILT_PRODUCTS_DIR)/VocaloidBox.app/VocaloidBox";
			};
			name = Debug;
		};
		CF080017225B29120005BB0A /* Release */ = {
			isa = XCBuildConfiguration;
			baseConfigurationReference = 70D3F814FCD10063F0F75082 /* Pods-VocaloidBoxTests.release.xcconfig */;
			buildSettings = {
				ALWAYS_EMBED_SWIFT_STANDARD_LIBRARIES = YES;
				BUNDLE_LOADER = "$(TEST_HOST)";
				CODE_SIGN_STYLE = Automatic;
				DEVELOPMENT_TEAM = 9Y8FCCM9FL;
				INFOPLIST_FILE = VocaloidBoxTests/Info.plist;
				LD_RUNPATH_SEARCH_PATHS = (
					"$(inherited)",
					"@executable_path/Frameworks",
					"@loader_path/Frameworks",
				);
				PRODUCT_BUNDLE_IDENTIFIER = com.CorentinDupont.VocaloidBoxTests;
				PRODUCT_NAME = "$(TARGET_NAME)";
				SWIFT_VERSION = 5.0;
				TARGETED_DEVICE_FAMILY = "1,2";
				TEST_HOST = "$(BUILT_PRODUCTS_DIR)/VocaloidBox.app/VocaloidBox";
			};
			name = Release;
		};
		CF080019225B29120005BB0A /* Debug */ = {
			isa = XCBuildConfiguration;
			baseConfigurationReference = 46174C0EFC812D637E2AD6C4 /* Pods-VocaloidBoxUITests.debug.xcconfig */;
			buildSettings = {
				ALWAYS_EMBED_SWIFT_STANDARD_LIBRARIES = YES;
				CODE_SIGN_STYLE = Automatic;
				DEVELOPMENT_TEAM = 9Y8FCCM9FL;
				INFOPLIST_FILE = VocaloidBoxUITests/Info.plist;
				LD_RUNPATH_SEARCH_PATHS = (
					"$(inherited)",
					"@executable_path/Frameworks",
					"@loader_path/Frameworks",
				);
				PRODUCT_BUNDLE_IDENTIFIER = com.CorentinDupont.VocaloidBoxUITests;
				PRODUCT_NAME = "$(TARGET_NAME)";
				SWIFT_VERSION = 5.0;
				TARGETED_DEVICE_FAMILY = "1,2";
				TEST_TARGET_NAME = VocaloidBox;
			};
			name = Debug;
		};
		CF08001A225B29120005BB0A /* Release */ = {
			isa = XCBuildConfiguration;
			baseConfigurationReference = FDE3C732AAD47543F50001F1 /* Pods-VocaloidBoxUITests.release.xcconfig */;
			buildSettings = {
				ALWAYS_EMBED_SWIFT_STANDARD_LIBRARIES = YES;
				CODE_SIGN_STYLE = Automatic;
				DEVELOPMENT_TEAM = 9Y8FCCM9FL;
				INFOPLIST_FILE = VocaloidBoxUITests/Info.plist;
				LD_RUNPATH_SEARCH_PATHS = (
					"$(inherited)",
					"@executable_path/Frameworks",
					"@loader_path/Frameworks",
				);
				PRODUCT_BUNDLE_IDENTIFIER = com.CorentinDupont.VocaloidBoxUITests;
				PRODUCT_NAME = "$(TARGET_NAME)";
				SWIFT_VERSION = 5.0;
				TARGETED_DEVICE_FAMILY = "1,2";
				TEST_TARGET_NAME = VocaloidBox;
			};
			name = Release;
		};
/* End XCBuildConfiguration section */

/* Begin XCConfigurationList section */
		CF080012225B29120005BB0A /* Build configuration list for PBXNativeTarget "VocaloidBox" */ = {
			isa = XCConfigurationList;
			buildConfigurations = (
				CF080013225B29120005BB0A /* Debug */,
				CF080014225B29120005BB0A /* Release */,
			);
			defaultConfigurationIsVisible = 0;
			defaultConfigurationName = Release;
		};
		CF080015225B29120005BB0A /* Build configuration list for PBXNativeTarget "VocaloidBoxTests" */ = {
			isa = XCConfigurationList;
			buildConfigurations = (
				CF080016225B29120005BB0A /* Debug */,
				CF080017225B29120005BB0A /* Release */,
			);
			defaultConfigurationIsVisible = 0;
			defaultConfigurationName = Release;
		};
		CF080018225B29120005BB0A /* Build configuration list for PBXNativeTarget "VocaloidBoxUITests" */ = {
			isa = XCConfigurationList;
			buildConfigurations = (
				CF080019225B29120005BB0A /* Debug */,
				CF08001A225B29120005BB0A /* Release */,
			);
			defaultConfigurationIsVisible = 0;
			defaultConfigurationName = Release;
		};
		CF08FFE5225B29100005BB0A /* Build configuration list for PBXProject "VocaloidBox" */ = {
			isa = XCConfigurationList;
			buildConfigurations = (
				CF080010225B29120005BB0A /* Debug */,
				CF080011225B29120005BB0A /* Release */,
			);
			defaultConfigurationIsVisible = 0;
			defaultConfigurationName = Release;
		};
/* End XCConfigurationList section */
	};
	rootObject = CF08FFE2225B29100005BB0A /* Project object */;
}
